// !$*UTF8*$!
{
	archiveVersion = 1;
	classes = {
	};
	objectVersion = 77;
	objects = {

/* Begin PBXContainerItemProxy section */
		584F53502E64DC6500C17B82 /* PBXContainerItemProxy */ = {
			isa = PBXContainerItemProxy;
			containerPortal = 584F53382E64DC6300C17B82 /* Project object */;
			proxyType = 1;
			remoteGlobalIDString = 584F533F2E64DC6300C17B82;
			remoteInfo = BudgetThing;
		};
		584F535A2E64DC6500C17B82 /* PBXContainerItemProxy */ = {
			isa = PBXContainerItemProxy;
			containerPortal = 584F53382E64DC6300C17B82 /* Project object */;
			proxyType = 1;
			remoteGlobalIDString = 584F533F2E64DC6300C17B82;
			remoteInfo = BudgetThing;
		};
/* End PBXContainerItemProxy section */

/* Begin PBXFileReference section */
		584F53402E64DC6300C17B82 /* BudgetThing.app */ = {isa = PBXFileReference; explicitFileType = wrapper.application; includeInIndex = 0; path = BudgetThing.app; sourceTree = BUILT_PRODUCTS_DIR; };
		584F534F2E64DC6500C17B82 /* BudgetThingTests.xctest */ = {isa = PBXFileReference; explicitFileType = wrapper.cfbundle; includeInIndex = 0; path = BudgetThingTests.xctest; sourceTree = BUILT_PRODUCTS_DIR; };
		584F53592E64DC6500C17B82 /* BudgetThingUITests.xctest */ = {isa = PBXFileReference; explicitFileType = wrapper.cfbundle; includeInIndex = 0; path = BudgetThingUITests.xctest; sourceTree = BUILT_PRODUCTS_DIR; };
/* End PBXFileReference section */

/* Begin PBXFileSystemSynchronizedRootGroup section */
		584F53422E64DC6300C17B82 /* BudgetThing */ = {
			isa = PBXFileSystemSynchronizedRootGroup;
			path = BudgetThing;
			sourceTree = "<group>";
		};
		584F53522E64DC6500C17B82 /* BudgetThingTests */ = {
			isa = PBXFileSystemSynchronizedRootGroup;
			path = BudgetThingTests;
			sourceTree = "<group>";
		};
		584F535C2E64DC6500C17B82 /* BudgetThingUITests */ = {
			isa = PBXFileSystemSynchronizedRootGroup;
			path = BudgetThingUITests;
			sourceTree = "<group>";
		};
/* End PBXFileSystemSynchronizedRootGroup section */

/* Begin PBXFrameworksBuildPhase section */
		584F533D2E64DC6300C17B82 /* Frameworks */ = {
			isa = PBXFrameworksBuildPhase;
			buildActionMask = 2147483647;
			files = (
			);
			runOnlyForDeploymentPostprocessing = 0;
		};
		584F534C2E64DC6500C17B82 /* Frameworks */ = {
			isa = PBXFrameworksBuildPhase;
			buildActionMask = 2147483647;
			files = (
			);
			runOnlyForDeploymentPostprocessing = 0;
		};
		584F53562E64DC6500C17B82 /* Frameworks */ = {
			isa = PBXFrameworksBuildPhase;
			buildActionMask = 2147483647;
			files = (
			);
			runOnlyForDeploymentPostprocessing = 0;
		};
/* End PBXFrameworksBuildPhase section */

/* Begin PBXGroup section */
		584F53372E64DC6300C17B82 = {
			isa = PBXGroup;
			children = (
				584F53422E64DC6300C17B82 /* BudgetThing */,
				584F53522E64DC6500C17B82 /* BudgetThingTests */,
				584F535C2E64DC6500C17B82 /* BudgetThingUITests */,
				584F53412E64DC6300C17B82 /* Products */,
			);
			sourceTree = "<group>";
		};
		584F53412E64DC6300C17B82 /* Products */ = {
			isa = PBXGroup;
			children = (
				584F53402E64DC6300C17B82 /* BudgetThing.app */,
				584F534F2E64DC6500C17B82 /* BudgetThingTests.xctest */,
				584F53592E64DC6500C17B82 /* BudgetThingUITests.xctest */,
			);
			name = Products;
			sourceTree = "<group>";
		};
/* End PBXGroup section */

/* Begin PBXNativeTarget section */
		584F533F2E64DC6300C17B82 /* BudgetThing */ = {
			isa = PBXNativeTarget;
			buildConfigurationList = 584F53632E64DC6500C17B82 /* Build configuration list for PBXNativeTarget "BudgetThing" */;
			buildPhases = (
				584F533C2E64DC6300C17B82 /* Sources */,
				584F533D2E64DC6300C17B82 /* Frameworks */,
				584F533E2E64DC6300C17B82 /* Resources */,
			);
			buildRules = (
			);
			dependencies = (
			);
			fileSystemSynchronizedGroups = (
				584F53422E64DC6300C17B82 /* BudgetThing */,
			);
			name = BudgetThing;
			packageProductDependencies = (
			);
			productName = BudgetThing;
			productReference = 584F53402E64DC6300C17B82 /* BudgetThing.app */;
			productType = "com.apple.product-type.application";
		};
		584F534E2E64DC6500C17B82 /* BudgetThingTests */ = {
			isa = PBXNativeTarget;
			buildConfigurationList = 584F53662E64DC6500C17B82 /* Build configuration list for PBXNativeTarget "BudgetThingTests" */;
			buildPhases = (
				584F534B2E64DC6500C17B82 /* Sources */,
				584F534C2E64DC6500C17B82 /* Frameworks */,
				584F534D2E64DC6500C17B82 /* Resources */,
			);
			buildRules = (
			);
			dependencies = (
				584F53512E64DC6500C17B82 /* PBXTargetDependency */,
			);
			fileSystemSynchronizedGroups = (
				584F53522E64DC6500C17B82 /* BudgetThingTests */,
			);
			name = BudgetThingTests;
			packageProductDependencies = (
			);
			productName = BudgetThingTests;
			productReference = 584F534F2E64DC6500C17B82 /* BudgetThingTests.xctest */;
			productType = "com.apple.product-type.bundle.unit-test";
		};
		584F53582E64DC6500C17B82 /* BudgetThingUITests */ = {
			isa = PBXNativeTarget;
			buildConfigurationList = 584F53692E64DC6500C17B82 /* Build configuration list for PBXNativeTarget "BudgetThingUITests" */;
			buildPhases = (
				584F53552E64DC6500C17B82 /* Sources */,
				584F53562E64DC6500C17B82 /* Frameworks */,
				584F53572E64DC6500C17B82 /* Resources */,
			);
			buildRules = (
			);
			dependencies = (
				584F535B2E64DC6500C17B82 /* PBXTargetDependency */,
			);
			fileSystemSynchronizedGroups = (
				584F535C2E64DC6500C17B82 /* BudgetThingUITests */,
			);
			name = BudgetThingUITests;
			packageProductDependencies = (
			);
			productName = BudgetThingUITests;
			productReference = 584F53592E64DC6500C17B82 /* BudgetThingUITests.xctest */;
			productType = "com.apple.product-type.bundle.ui-testing";
		};
/* End PBXNativeTarget section */

/* Begin PBXProject section */
		584F53382E64DC6300C17B82 /* Project object */ = {
			isa = PBXProject;
			attributes = {
				BuildIndependentTargetsInParallel = 1;
				LastSwiftUpdateCheck = 1640;
				LastUpgradeCheck = 1640;
				TargetAttributes = {
					584F533F2E64DC6300C17B82 = {
						CreatedOnToolsVersion = 16.4;
					};
					584F534E2E64DC6500C17B82 = {
						CreatedOnToolsVersion = 16.4;
						TestTargetID = 584F533F2E64DC6300C17B82;
					};
					584F53582E64DC6500C17B82 = {
						CreatedOnToolsVersion = 16.4;
						TestTargetID = 584F533F2E64DC6300C17B82;
					};
				};
			};
			buildConfigurationList = 584F533B2E64DC6300C17B82 /* Build configuration list for PBXProject "BudgetThing" */;
			developmentRegion = en;
			hasScannedForEncodings = 0;
			knownRegions = (
				en,
				Base,
			);
			mainGroup = 584F53372E64DC6300C17B82;
			minimizedProjectReferenceProxies = 1;
			preferredProjectObjectVersion = 77;
			productRefGroup = 584F53412E64DC6300C17B82 /* Products */;
			projectDirPath = "";
			projectRoot = "";
			targets = (
				584F533F2E64DC6300C17B82 /* BudgetThing */,
				584F534E2E64DC6500C17B82 /* BudgetThingTests */,
				584F53582E64DC6500C17B82 /* BudgetThingUITests */,
			);
		};
/* End PBXProject section */

/* Begin PBXResourcesBuildPhase section */
		584F533E2E64DC6300C17B82 /* Resources */ = {
			isa = PBXResourcesBuildPhase;
			buildActionMask = 2147483647;
			files = (
			);
			runOnlyForDeploymentPostprocessing = 0;
		};
		584F534D2E64DC6500C17B82 /* Resources */ = {
			isa = PBXResourcesBuildPhase;
			buildActionMask = 2147483647;
			files = (
			);
			runOnlyForDeploymentPostprocessing = 0;
		};
		584F53572E64DC6500C17B82 /* Resources */ = {
			isa = PBXResourcesBuildPhase;
			buildActionMask = 2147483647;
			files = (
			);
			runOnlyForDeploymentPostprocessing = 0;
		};
/* End PBXResourcesBuildPhase section */

/* Begin PBXSourcesBuildPhase section */
		584F533C2E64DC6300C17B82 /* Sources */ = {
			isa = PBXSourcesBuildPhase;
			buildActionMask = 2147483647;
			files = (
			);
			runOnlyForDeploymentPostprocessing = 0;
		};
		584F534B2E64DC6500C17B82 /* Sources */ = {
			isa = PBXSourcesBuildPhase;
			buildActionMask = 2147483647;
			files = (
			);
			runOnlyForDeploymentPostprocessing = 0;
		};
		584F53552E64DC6500C17B82 /* Sources */ = {
			isa = PBXSourcesBuildPhase;
			buildActionMask = 2147483647;
			files = (
			);
			runOnlyForDeploymentPostprocessing = 0;
		};
/* End PBXSourcesBuildPhase section */

/* Begin PBXTargetDependency section */
		584F53512E64DC6500C17B82 /* PBXTargetDependency */ = {
			isa = PBXTargetDependency;
			target = 584F533F2E64DC6300C17B82 /* BudgetThing */;
			targetProxy = 584F53502E64DC6500C17B82 /* PBXContainerItemProxy */;
		};
		584F535B2E64DC6500C17B82 /* PBXTargetDependency */ = {
			isa = PBXTargetDependency;
			target = 584F533F2E64DC6300C17B82 /* BudgetThing */;
			targetProxy = 584F535A2E64DC6500C17B82 /* PBXContainerItemProxy */;
		};
/* End PBXTargetDependency section */

/* Begin XCBuildConfiguration section */
		584F53612E64DC6500C17B82 /* Debug */ = {
			isa = XCBuildConfiguration;
			buildSettings = {
				ALWAYS_SEARCH_USER_PATHS = NO;
				ASSETCATALOG_COMPILER_GENERATE_SWIFT_ASSET_SYMBOL_EXTENSIONS = YES;
				CLANG_ANALYZER_NONNULL = YES;
				CLANG_ANALYZER_NUMBER_OBJECT_CONVERSION = YES_AGGRESSIVE;
				CLANG_CXX_LANGUAGE_STANDARD = "gnu++20";
				CLANG_ENABLE_MODULES = YES;
				CLANG_ENABLE_OBJC_ARC = YES;
				CLANG_ENABLE_OBJC_WEAK = YES;
				CLANG_WARN_BLOCK_CAPTURE_AUTORELEASING = YES;
				CLANG_WARN_BOOL_CONVERSION = YES;
				CLANG_WARN_COMMA = YES;
				CLANG_WARN_CONSTANT_CONVERSION = YES;
				CLANG_WARN_DEPRECATED_OBJC_IMPLEMENTATIONS = YES;
				CLANG_WARN_DIRECT_OBJC_ISA_USAGE = YES_ERROR;
				CLANG_WARN_DOCUMENTATION_COMMENTS = YES;
				CLANG_WARN_EMPTY_BODY = YES;
				CLANG_WARN_ENUM_CONVERSION = YES;
				CLANG_WARN_INFINITE_RECURSION = YES;
				CLANG_WARN_INT_CONVERSION = YES;
				CLANG_WARN_NON_LITERAL_NULL_CONVERSION = YES;
				CLANG_WARN_OBJC_IMPLICIT_RETAIN_SELF = YES;
				CLANG_WARN_OBJC_LITERAL_CONVERSION = YES;
				CLANG_WARN_OBJC_ROOT_CLASS = YES_ERROR;
				CLANG_WARN_QUOTED_INCLUDE_IN_FRAMEWORK_HEADER = YES;
				CLANG_WARN_RANGE_LOOP_ANALYSIS = YES;
				CLANG_WARN_STRICT_PROTOTYPES = YES;
				CLANG_WARN_SUSPICIOUS_MOVE = YES;
				CLANG_WARN_UNGUARDED_AVAILABILITY = YES_AGGRESSIVE;
				CLANG_WARN_UNREACHABLE_CODE = YES;
				CLANG_WARN__DUPLICATE_METHOD_MATCH = YES;
				COPY_PHASE_STRIP = NO;
				DEBUG_INFORMATION_FORMAT = dwarf;
				DEVELOPMENT_TEAM = BSV2LUR9R9;
				ENABLE_STRICT_OBJC_MSGSEND = YES;
				ENABLE_TESTABILITY = YES;
				ENABLE_USER_SCRIPT_SANDBOXING = YES;
				GCC_C_LANGUAGE_STANDARD = gnu17;
				GCC_DYNAMIC_NO_PIC = NO;
				GCC_NO_COMMON_BLOCKS = YES;
				GCC_OPTIMIZATION_LEVEL = 0;
				GCC_PREPROCESSOR_DEFINITIONS = (
					"DEBUG=1",
					"$(inherited)",
				);
				GCC_WARN_64_TO_32_BIT_CONVERSION = YES;
				GCC_WARN_ABOUT_RETURN_TYPE = YES_ERROR;
				GCC_WARN_UNDECLARED_SELECTOR = YES;
				GCC_WARN_UNINITIALIZED_AUTOS = YES_AGGRESSIVE;
				GCC_WARN_UNUSED_FUNCTION = YES;
				GCC_WARN_UNUSED_VARIABLE = YES;
				IPHONEOS_DEPLOYMENT_TARGET = 18.5;
				LOCALIZATION_PREFERS_STRING_CATALOGS = YES;
				MTL_ENABLE_DEBUG_INFO = INCLUDE_SOURCE;
				MTL_FAST_MATH = YES;
				ONLY_ACTIVE_ARCH = YES;
				SDKROOT = iphoneos;
				SWIFT_ACTIVE_COMPILATION_CONDITIONS = "DEBUG $(inherited)";
				SWIFT_OPTIMIZATION_LEVEL = "-Onone";
			};
			name = Debug;
		};
		584F53622E64DC6500C17B82 /* Release */ = {
			isa = XCBuildConfiguration;
			buildSettings = {
				ALWAYS_SEARCH_USER_PATHS = NO;
				ASSETCATALOG_COMPILER_GENERATE_SWIFT_ASSET_SYMBOL_EXTENSIONS = YES;
				CLANG_ANALYZER_NONNULL = YES;
				CLANG_ANALYZER_NUMBER_OBJECT_CONVERSION = YES_AGGRESSIVE;
				CLANG_CXX_LANGUAGE_STANDARD = "gnu++20";
				CLANG_ENABLE_MODULES = YES;
				CLANG_ENABLE_OBJC_ARC = YES;
				CLANG_ENABLE_OBJC_WEAK = YES;
				CLANG_WARN_BLOCK_CAPTURE_AUTORELEASING = YES;
				CLANG_WARN_BOOL_CONVERSION = YES;
				CLANG_WARN_COMMA = YES;
				CLANG_WARN_CONSTANT_CONVERSION = YES;
				CLANG_WARN_DEPRECATED_OBJC_IMPLEMENTATIONS = YES;
				CLANG_WARN_DIRECT_OBJC_ISA_USAGE = YES_ERROR;
				CLANG_WARN_DOCUMENTATION_COMMENTS = YES;
				CLANG_WARN_EMPTY_BODY = YES;
				CLANG_WARN_ENUM_CONVERSION = YES;
				CLANG_WARN_INFINITE_RECURSION = YES;
				CLANG_WARN_INT_CONVERSION = YES;
				CLANG_WARN_NON_LITERAL_NULL_CONVERSION = YES;
				CLANG_WARN_OBJC_IMPLICIT_RETAIN_SELF = YES;
				CLANG_WARN_OBJC_LITERAL_CONVERSION = YES;
				CLANG_WARN_OBJC_ROOT_CLASS = YES_ERROR;
				CLANG_WARN_QUOTED_INCLUDE_IN_FRAMEWORK_HEADER = YES;
				CLANG_WARN_RANGE_LOOP_ANALYSIS = YES;
				CLANG_WARN_STRICT_PROTOTYPES = YES;
				CLANG_WARN_SUSPICIOUS_MOVE = YES;
				CLANG_WARN_UNGUARDED_AVAILABILITY = YES_AGGRESSIVE;
				CLANG_WARN_UNREACHABLE_CODE = YES;
				CLANG_WARN__DUPLICATE_METHOD_MATCH = YES;
				COPY_PHASE_STRIP = NO;
				DEBUG_INFORMATION_FORMAT = "dwarf-with-dsym";
				DEVELOPMENT_TEAM = BSV2LUR9R9;
				ENABLE_NS_ASSERTIONS = NO;
				ENABLE_STRICT_OBJC_MSGSEND = YES;
				ENABLE_USER_SCRIPT_SANDBOXING = YES;
				GCC_C_LANGUAGE_STANDARD = gnu17;
				GCC_NO_COMMON_BLOCKS = YES;
				GCC_WARN_64_TO_32_BIT_CONVERSION = YES;
				GCC_WARN_ABOUT_RETURN_TYPE = YES_ERROR;
				GCC_WARN_UNDECLARED_SELECTOR = YES;
				GCC_WARN_UNINITIALIZED_AUTOS = YES_AGGRESSIVE;
				GCC_WARN_UNUSED_FUNCTION = YES;
				GCC_WARN_UNUSED_VARIABLE = YES;
				IPHONEOS_DEPLOYMENT_TARGET = 18.5;
				LOCALIZATION_PREFERS_STRING_CATALOGS = YES;
				MTL_ENABLE_DEBUG_INFO = NO;
				MTL_FAST_MATH = YES;
				SDKROOT = iphoneos;
				SWIFT_COMPILATION_MODE = wholemodule;
				VALIDATE_PRODUCT = YES;
			};
			name = Release;
		};
		584F53642E64DC6500C17B82 /* Debug */ = {
			isa = XCBuildConfiguration;
			buildSettings = {
				ASSETCATALOG_COMPILER_APPICON_NAME = AppIcon;
				ASSETCATALOG_COMPILER_GLOBAL_ACCENT_COLOR_NAME = AccentColor;
				CODE_SIGN_STYLE = Automatic;
				CURRENT_PROJECT_VERSION = 1;
				DEVELOPMENT_TEAM = 97VK67FV54;
				ENABLE_PREVIEWS = YES;
				GENERATE_INFOPLIST_FILE = YES;
				INFOPLIST_KEY_UIApplicationSceneManifest_Generation = YES;
				INFOPLIST_KEY_UIApplicationSupportsIndirectInputEvents = YES;
				INFOPLIST_KEY_UILaunchScreen_Generation = YES;
				INFOPLIST_KEY_UISupportedInterfaceOrientations_iPad = UIInterfaceOrientationPortrait;
				INFOPLIST_KEY_UISupportedInterfaceOrientations_iPhone = UIInterfaceOrientationPortrait;
				LD_RUNPATH_SEARCH_PATHS = (
					"$(inherited)",
					"@executable_path/Frameworks",
				);
				MARKETING_VERSION = 1.0;
				PRODUCT_BUNDLE_IDENTIFIER = com.Vansh.BudgetThing;
				PRODUCT_NAME = "$(TARGET_NAME)";
				SWIFT_EMIT_LOC_STRINGS = YES;
				SWIFT_VERSION = 5.0;
				TARGETED_DEVICE_FAMILY = 1;
			};
			name = Debug;
		};
		584F53652E64DC6500C17B82 /* Release */ = {
			isa = XCBuildConfiguration;
			buildSettings = {
				ASSETCATALOG_COMPILER_APPICON_NAME = AppIcon;
				ASSETCATALOG_COMPILER_GLOBAL_ACCENT_COLOR_NAME = AccentColor;
				CODE_SIGN_STYLE = Automatic;
				CURRENT_PROJECT_VERSION = 1;
				DEVELOPMENT_TEAM = 97VK67FV54;
				ENABLE_PREVIEWS = YES;
				GENERATE_INFOPLIST_FILE = YES;
				INFOPLIST_KEY_UIApplicationSceneManifest_Generation = YES;
				INFOPLIST_KEY_UIApplicationSupportsIndirectInputEvents = YES;
				INFOPLIST_KEY_UILaunchScreen_Generation = YES;
				INFOPLIST_KEY_UISupportedInterfaceOrientations_iPad = UIInterfaceOrientationPortrait;
				INFOPLIST_KEY_UISupportedInterfaceOrientations_iPhone = UIInterfaceOrientationPortrait;
				LD_RUNPATH_SEARCH_PATHS = (
					"$(inherited)",
					"@executable_path/Frameworks",
				);
				MARKETING_VERSION = 1.0;
				PRODUCT_BUNDLE_IDENTIFIER = com.Vansh.BudgetThing;
				PRODUCT_NAME = "$(TARGET_NAME)";
				SWIFT_EMIT_LOC_STRINGS = YES;
				SWIFT_VERSION = 5.0;
				TARGETED_DEVICE_FAMILY = 1;
			};
			name = Release;
		};
		584F53672E64DC6500C17B82 /* Debug */ = {
			isa = XCBuildConfiguration;
			buildSettings = {
				BUNDLE_LOADER = "$(TEST_HOST)";
				CODE_SIGN_STYLE = Automatic;
				CURRENT_PROJECT_VERSION = 1;
				DEVELOPMENT_TEAM = BSV2LUR9R9;
				GENERATE_INFOPLIST_FILE = YES;
				IPHONEOS_DEPLOYMENT_TARGET = 18.5;
				MARKETING_VERSION = 1.0;
				PRODUCT_BUNDLE_IDENTIFIER = com.VanshR.BudgetThingTests;
				PRODUCT_NAME = "$(TARGET_NAME)";
				SWIFT_EMIT_LOC_STRINGS = NO;
				SWIFT_VERSION = 5.0;
				TARGETED_DEVICE_FAMILY = "1,2";
				TEST_HOST = "$(BUILT_PRODUCTS_DIR)/BudgetThing.app/$(BUNDLE_EXECUTABLE_FOLDER_PATH)/BudgetThing";
			};
			name = Debug;
		};
		584F53682E64DC6500C17B82 /* Release */ = {
			isa = XCBuildConfiguration;
			buildSettings = {
				BUNDLE_LOADER = "$(TEST_HOST)";
				CODE_SIGN_STYLE = Automatic;
				CURRENT_PROJECT_VERSION = 1;
				DEVELOPMENT_TEAM = BSV2LUR9R9;
				GENERATE_INFOPLIST_FILE = YES;
				IPHONEOS_DEPLOYMENT_TARGET = 18.5;
				MARKETING_VERSION = 1.0;
				PRODUCT_BUNDLE_IDENTIFIER = com.VanshR.BudgetThingTests;
				PRODUCT_NAME = "$(TARGET_NAME)";
				SWIFT_EMIT_LOC_STRINGS = NO;
				SWIFT_VERSION = 5.0;
				TARGETED_DEVICE_FAMILY = "1,2";
				TEST_HOST = "$(BUILT_PRODUCTS_DIR)/BudgetThing.app/$(BUNDLE_EXECUTABLE_FOLDER_PATH)/BudgetThing";
			};
			name = Release;
		};
		584F536A2E64DC6500C17B82 /* Debug */ = {
			isa = XCBuildConfiguration;
			buildSettings = {
				CODE_SIGN_STYLE = Automatic;
				CURRENT_PROJECT_VERSION = 1;
				DEVELOPMENT_TEAM = BSV2LUR9R9;
				GENERATE_INFOPLIST_FILE = YES;
				MARKETING_VERSION = 1.0;
				PRODUCT_BUNDLE_IDENTIFIER = com.VanshR.BudgetThingUITests;
				PRODUCT_NAME = "$(TARGET_NAME)";
				SWIFT_EMIT_LOC_STRINGS = NO;
				SWIFT_VERSION = 5.0;
				TARGETED_DEVICE_FAMILY = "1,2";
				TEST_TARGET_NAME = BudgetThing;
			};
			name = Debug;
		};
		584F536B2E64DC6500C17B82 /* Release */ = {
			isa = XCBuildConfiguration;
			buildSettings = {
				CODE_SIGN_STYLE = Automatic;
				CURRENT_PROJECT_VERSION = 1;
				DEVELOPMENT_TEAM = BSV2LUR9R9;
				GENERATE_INFOPLIST_FILE = YES;
				MARKETING_VERSION = 1.0;
				PRODUCT_BUNDLE_IDENTIFIER = com.VanshR.BudgetThingUITests;
				PRODUCT_NAME = "$(TARGET_NAME)";
				SWIFT_EMIT_LOC_STRINGS = NO;
				SWIFT_VERSION = 5.0;
				TARGETED_DEVICE_FAMILY = "1,2";
				TEST_TARGET_NAME = BudgetThing;
			};
			name = Release;
		};
/* End XCBuildConfiguration section */

/* Begin XCConfigurationList section */
		584F533B2E64DC6300C17B82 /* Build configuration list for PBXProject "BudgetThing" */ = {
			isa = XCConfigurationList;
			buildConfigurations = (
				584F53612E64DC6500C17B82 /* Debug */,
				584F53622E64DC6500C17B82 /* Release */,
			);
			defaultConfigurationIsVisible = 0;
			defaultConfigurationName = Release;
		};
		584F53632E64DC6500C17B82 /* Build configuration list for PBXNativeTarget "BudgetThing" */ = {
			isa = XCConfigurationList;
			buildConfigurations = (
				584F53642E64DC6500C17B82 /* Debug */,
				584F53652E64DC6500C17B82 /* Release */,
			);
			defaultConfigurationIsVisible = 0;
			defaultConfigurationName = Release;
		};
		584F53662E64DC6500C17B82 /* Build configuration list for PBXNativeTarget "BudgetThingTests" */ = {
			isa = XCConfigurationList;
			buildConfigurations = (
				584F53672E64DC6500C17B82 /* Debug */,
				584F53682E64DC6500C17B82 /* Release */,
			);
			defaultConfigurationIsVisible = 0;
			defaultConfigurationName = Release;
		};
		584F53692E64DC6500C17B82 /* Build configuration list for PBXNativeTarget "BudgetThingUITests" */ = {
			isa = XCConfigurationList;
			buildConfigurations = (
				584F536A2E64DC6500C17B82 /* Debug */,
				584F536B2E64DC6500C17B82 /* Release */,
			);
			defaultConfigurationIsVisible = 0;
			defaultConfigurationName = Release;
		};
/* End XCConfigurationList section */
	};
	rootObject = 584F53382E64DC6300C17B82 /* Project object */;
}
